
Microsoft Visual Studio Solution File, Format Version 12.00
# Visual Studio Version 17
VisualStudioVersion = 17.0.32014.148
MinimumVisualStudioVersion = 10.0.40219.1
Project("{9A19103F-16F7-4668-BE54-9A1E7A4F7556}") = "ObjectStorage.Api", "ObjectStorage\ObjectStorage.Api\ObjectStorage.Api.csproj", "{E576230C-4B4A-464C-8318-D9E753B9D405}"
EndProject
Project("{2150E333-8FDC-42A3-9474-1A3956D46DE8}") = "ObjectStorage", "ObjectStorage", "{B24048E9-C2BB-45C7-872B-AB576FDB71B8}"
EndProject
Project("{9A19103F-16F7-4668-BE54-9A1E7A4F7556}") = "ObjectStorage.Core", "ObjectStorage\ObjectStorage.Core\ObjectStorage.Core.csproj", "{B7D93011-C1DB-4FB4-B63F-8D78401B09EA}"
EndProject
Project("{9A19103F-16F7-4668-BE54-9A1E7A4F7556}") = "API", "API\API\API.csproj", "{B92D84FB-9AA1-4693-A606-D19C7206F1AD}"
EndProject
Project("{9A19103F-16F7-4668-BE54-9A1E7A4F7556}") = "Logic.Api", "Logic\Logic.Api\Logic.Api.csproj", "{C7783A5E-28DC-4504-BC99-8CE00E2C4714}"
EndProject
Project("{2150E333-8FDC-42A3-9474-1A3956D46DE8}") = "Logic", "Logic", "{49CBD907-3CDD-4BB7-B684-592FF2E0D7E2}"
EndProject
Project("{9A19103F-16F7-4668-BE54-9A1E7A4F7556}") = "Logic.Core", "Logic\Logic.Core\Logic.Core.csproj", "{D61C0BBA-4E66-4A19-88E1-A6C9C4A2B04B}"
EndProject
Project("{FAE04EC0-301F-11D3-BF4B-00C04F79EFBC}") = "Web", "Web\Web.csproj", "{5F3D07CD-FCC7-4D17-976C-9BB5A4A79AE9}"
EndProject
Global
	GlobalSection(SolutionConfigurationPlatforms) = preSolution
		Debug|Any CPU = Debug|Any CPU
		Release|Any CPU = Release|Any CPU
	EndGlobalSection
	GlobalSection(ProjectConfigurationPlatforms) = postSolution
		{E576230C-4B4A-464C-8318-D9E753B9D405}.Debug|Any CPU.ActiveCfg = Debug|Any CPU
		{E576230C-4B4A-464C-8318-D9E753B9D405}.Debug|Any CPU.Build.0 = Debug|Any CPU
		{E576230C-4B4A-464C-8318-D9E753B9D405}.Release|Any CPU.ActiveCfg = Release|Any CPU
		{E576230C-4B4A-464C-8318-D9E753B9D405}.Release|Any CPU.Build.0 = Release|Any CPU
		{B7D93011-C1DB-4FB4-B63F-8D78401B09EA}.Debug|Any CPU.ActiveCfg = Debug|Any CPU
		{B7D93011-C1DB-4FB4-B63F-8D78401B09EA}.Debug|Any CPU.Build.0 = Debug|Any CPU
		{B7D93011-C1DB-4FB4-B63F-8D78401B09EA}.Release|Any CPU.ActiveCfg = Release|Any CPU
		{B7D93011-C1DB-4FB4-B63F-8D78401B09EA}.Release|Any CPU.Build.0 = Release|Any CPU
		{B92D84FB-9AA1-4693-A606-D19C7206F1AD}.Debug|Any CPU.ActiveCfg = Debug|Any CPU
		{B92D84FB-9AA1-4693-A606-D19C7206F1AD}.Debug|Any CPU.Build.0 = Debug|Any CPU
		{B92D84FB-9AA1-4693-A606-D19C7206F1AD}.Release|Any CPU.ActiveCfg = Release|Any CPU
		{B92D84FB-9AA1-4693-A606-D19C7206F1AD}.Release|Any CPU.Build.0 = Release|Any CPU
		{C7783A5E-28DC-4504-BC99-8CE00E2C4714}.Debug|Any CPU.ActiveCfg = Debug|Any CPU
		{C7783A5E-28DC-4504-BC99-8CE00E2C4714}.Debug|Any CPU.Build.0 = Debug|Any CPU
		{C7783A5E-28DC-4504-BC99-8CE00E2C4714}.Release|Any CPU.ActiveCfg = Release|Any CPU
		{C7783A5E-28DC-4504-BC99-8CE00E2C4714}.Release|Any CPU.Build.0 = Release|Any CPU
		{D61C0BBA-4E66-4A19-88E1-A6C9C4A2B04B}.Debug|Any CPU.ActiveCfg = Debug|Any CPU
		{D61C0BBA-4E66-4A19-88E1-A6C9C4A2B04B}.Debug|Any CPU.Build.0 = Debug|Any CPU
		{D61C0BBA-4E66-4A19-88E1-A6C9C4A2B04B}.Release|Any CPU.ActiveCfg = Release|Any CPU
		{D61C0BBA-4E66-4A19-88E1-A6C9C4A2B04B}.Release|Any CPU.Build.0 = Release|Any CPU
		{5F3D07CD-FCC7-4D17-976C-9BB5A4A79AE9}.Debug|Any CPU.ActiveCfg = Debug|Any CPU
		{5F3D07CD-FCC7-4D17-976C-9BB5A4A79AE9}.Debug|Any CPU.Build.0 = Debug|Any CPU
		{5F3D07CD-FCC7-4D17-976C-9BB5A4A79AE9}.Release|Any CPU.ActiveCfg = Release|Any CPU
		{5F3D07CD-FCC7-4D17-976C-9BB5A4A79AE9}.Release|Any CPU.Build.0 = Release|Any CPU
	EndGlobalSection
	GlobalSection(SolutionProperties) = preSolution
		HideSolutionNode = FALSE
	EndGlobalSection
	GlobalSection(NestedProjects) = preSolution
		{E576230C-4B4A-464C-8318-D9E753B9D405} = {B24048E9-C2BB-45C7-872B-AB576FDB71B8}
		{B7D93011-C1DB-4FB4-B63F-8D78401B09EA} = {B24048E9-C2BB-45C7-872B-AB576FDB71B8}
		{C7783A5E-28DC-4504-BC99-8CE00E2C4714} = {49CBD907-3CDD-4BB7-B684-592FF2E0D7E2}
		{D61C0BBA-4E66-4A19-88E1-A6C9C4A2B04B} = {49CBD907-3CDD-4BB7-B684-592FF2E0D7E2}
	EndGlobalSection
	GlobalSection(ExtensibilityGlobals) = postSolution
		SolutionGuid = {C669A9B5-F875-4294-A874-3A57BDF54880}
	EndGlobalSection
EndGlobal
